Microsoft Visual Studio Solution File, Format Version 12.00
# Visual Studio Version 17
VisualStudioVersion = 17.14.37531.7
MinimumVisualStudioVersion = 10.0.40219.1
Project("{9A19103F-16F7-4668-BE54-9A1E7A4F7556}") = "CaCo.App", "src\CA-CO.App\CaCo.App.csproj", "{B47E2621-54E2-4DE2-8F95-B8E04E1D9BD1}"
EndProject
Project("{9A19103F-16F7-4668-BE54-9A1E7A4F7556}") = "CaCo.Core", "src\CA-CO.Core\CaCo.Core.csproj", "{ADD12841-868A-439B-A16D-3761ABDC53C4}"
EndProject
Project("{9A19103F-16F7-4668-BE54-9A1E7A4F7556}") = "CaCo.Domain", "src\CA-CO.Domain\CaCo.Domain.csproj", "{9C444078-0873-4230-B001-A5E4ECE5EF02}"
EndProject
Project("{9A19103F-16F7-4668-BE54-9A1E7A4F7556}") = "CaCo.Application", "src\CA-CO.Application\CaCo.Application.csproj", "{E6800ED7-33AD-4085-91B7-346C20DF757A}"
EndProject
Project("{9A19103F-16F7-4668-BE54-9A1E7A4F7556}") = "CaCo.Infrastructure", "src\CA-CO.Infrastructure\CaCo.Infrastructure.csproj", "{2A2D1D6F-24A9-4FC7-83AE-880AB8AB3B34}"
EndProject
Project("{9A19103F-16F7-4668-BE54-9A1E7A4F7556}") = "CaCo.Tests", "src\CA-CO.Tests\CaCo.Tests.csproj", "{26ED764E-545C-405C-B813-8774DA18F9C8}"
EndProject
Project("{2150E333-8FDC-42A3-9474-1A3956D46DE8}") = "src", "src", "{8F3B2A1C-4D5E-4F6A-9B7C-1D2E3F4A5B6C}"
EndProject
Global
	GlobalSection(SolutionConfigurationPlatforms) = preSolution
		Debug|x64 = Debug|x64
		Debug|x86 = Debug|x86
		Debug|ARM64 = Debug|ARM64
		Release|x64 = Release|x64
		Release|x86 = Release|x86
		Release|ARM64 = Release|ARM64
	EndGlobalSection
	GlobalSection(SolutionProperties) = preSolution
		HideSolutionNode = FALSE
	EndGlobalSection
	GlobalSection(ProjectConfigurationPlatforms) = postSolution
		{B47E2621-54E2-4DE2-8F95-B8E04E1D9BD1}.Debug|x64.ActiveCfg = Debug|x64
		{B47E2621-54E2-4DE2-8F95-B8E04E1D9BD1}.Debug|x64.Build.0 = Debug|x64
		{B47E2621-54E2-4DE2-8F95-B8E04E1D9BD1}.Debug|x86.ActiveCfg = Debug|x86
		{B47E2621-54E2-4DE2-8F95-B8E04E1D9BD1}.Debug|x86.Build.0 = Debug|x86
		{B47E2621-54E2-4DE2-8F95-B8E04E1D9BD1}.Debug|ARM64.ActiveCfg = Debug|ARM64
		{B47E2621-54E2-4DE2-8F95-B8E04E1D9BD1}.Debug|ARM64.Build.0 = Debug|ARM64
		{B47E2621-54E2-4DE2-8F95-B8E04E1D9BD1}.Release|x64.ActiveCfg = Release|x64
		{B47E2621-54E2-4DE2-8F95-B8E04E1D9BD1}.Release|x64.Build.0 = Release|x64
		{B47E2621-54E2-4DE2-8F95-B8E04E1D9BD1}.Release|x86.ActiveCfg = Release|x86
		{B47E2621-54E2-4DE2-8F95-B8E04E1D9BD1}.Release|x86.Build.0 = Release|x86
		{B47E2621-54E2-4DE2-8F95-B8E04E1D9BD1}.Release|ARM64.ActiveCfg = Release|ARM64
		{B47E2621-54E2-4DE2-8F95-B8E04E1D9BD1}.Release|ARM64.Build.0 = Release|ARM64
		{ADD12841-868A-439B-A16D-3761ABDC53C4}.Debug|x64.ActiveCfg = Debug|Any CPU
		{ADD12841-868A-439B-A16D-3761ABDC53C4}.Debug|x64.Build.0 = Debug|Any CPU
		{ADD12841-868A-439B-A16D-3761ABDC53C4}.Debug|x86.ActiveCfg = Debug|Any CPU
		{ADD12841-868A-439B-A16D-3761ABDC53C4}.Debug|x86.Build.0 = Debug|Any CPU
		{ADD12841-868A-439B-A16D-3761ABDC53C4}.Debug|ARM64.ActiveCfg = Debug|Any CPU
		{ADD12841-868A-439B-A16D-3761ABDC53C4}.Debug|ARM64.Build.0 = Debug|Any CPU
		{ADD12841-868A-439B-A16D-3761ABDC53C4}.Release|x64.ActiveCfg = Release|Any CPU
		{ADD12841-868A-439B-A16D-3761ABDC53C4}.Release|x64.Build.0 = Release|Any CPU
		{ADD12841-868A-439B-A16D-3761ABDC53C4}.Release|x86.ActiveCfg = Release|Any CPU
		{ADD12841-868A-439B-A16D-3761ABDC53C4}.Release|x86.Build.0 = Release|Any CPU
		{ADD12841-868A-439B-A16D-3761ABDC53C4}.Release|ARM64.ActiveCfg = Release|Any CPU
		{ADD12841-868A-439B-A16D-3761ABDC53C4}.Release|ARM64.Build.0 = Release|Any CPU
		{9C444078-0873-4230-B001-A5E4ECE5EF02}.Debug|x64.ActiveCfg = Debug|Any CPU
		{9C444078-0873-4230-B001-A5E4ECE5EF02}.Debug|x64.Build.0 = Debug|Any CPU
		{9C444078-0873-4230-B001-A5E4ECE5EF02}.Debug|x86.ActiveCfg = Debug|Any CPU
		{9C444078-0873-4230-B001-A5E4ECE5EF02}.Debug|x86.Build.0 = Debug|Any CPU
		{9C444078-0873-4230-B001-A5E4ECE5EF02}.Debug|ARM64.ActiveCfg = Debug|Any CPU
		{9C444078-0873-4230-B001-A5E4ECE5EF02}.Debug|ARM64.Build.0 = Debug|Any CPU
		{9C444078-0873-4230-B001-A5E4ECE5EF02}.Release|x64.ActiveCfg = Release|Any CPU
		{9C444078-0873-4230-B001-A5E4ECE5EF02}.Release|x64.Build.0 = Release|Any CPU
		{9C444078-0873-4230-B001-A5E4ECE5EF02}.Release|x86.ActiveCfg = Release|Any CPU
		{9C444078-0873-4230-B001-A5E4ECE5EF02}.Release|x86.Build.0 = Release|Any CPU
		{9C444078-0873-4230-B001-A5E4ECE5EF02}.Release|ARM64.ActiveCfg = Release|Any CPU
		{9C444078-0873-4230-B001-A5E4ECE5EF02}.Release|ARM64.Build.0 = Release|Any CPU
		{E6800ED7-33AD-4085-91B7-346C20DF757A}.Debug|x64.ActiveCfg = Debug|Any CPU
		{E6800ED7-33AD-4085-91B7-346C20DF757A}.Debug|x64.Build.0 = Debug|Any CPU
		{E6800ED7-33AD-4085-91B7-346C20DF757A}.Debug|x86.ActiveCfg = Debug|Any CPU
		{E6800ED7-33AD-4085-91B7-346C20DF757A}.Debug|x86.Build.0 = Debug|Any CPU
		{E6800ED7-33AD-4085-91B7-346C20DF757A}.Debug|ARM64.ActiveCfg = Debug|Any CPU
		{E6800ED7-33AD-4085-91B7-346C20DF757A}.Debug|ARM64.Build.0 = Debug|Any CPU
		{E6800ED7-33AD-4085-91B7-346C20DF757A}.Release|x64.ActiveCfg = Release|Any CPU
		{E6800ED7-33AD-4085-91B7-346C20DF757A}.Release|x64.Build.0 = Release|Any CPU
		{E6800ED7-33AD-4085-91B7-346C20DF757A}.Release|x86.ActiveCfg = Release|Any CPU
		{E6800ED7-33AD-4085-91B7-346C20DF757A}.Release|x86.Build.0 = Release|Any CPU
		{E6800ED7-33AD-4085-91B7-346C20DF757A}.Release|ARM64.ActiveCfg = Release|Any CPU
		{E6800ED7-33AD-4085-91B7-346C20DF757A}.Release|ARM64.Build.0 = Release|Any CPU
		{2A2D1D6F-24A9-4FC7-83AE-880AB8AB3B34}.Debug|x64.ActiveCfg = Debug|Any CPU
		{2A2D1D6F-24A9-4FC7-83AE-880AB8AB3B34}.Debug|x64.Build.0 = Debug|Any CPU
		{2A2D1D6F-24A9-4FC7-83AE-880AB8AB3B34}.Debug|x86.ActiveCfg = Debug|Any CPU
		{2A2D1D6F-24A9-4FC7-83AE-880AB8AB3B34}.Debug|x86.Build.0 = Debug|Any CPU
		{2A2D1D6F-24A9-4FC7-83AE-880AB8AB3B34}.Debug|ARM64.ActiveCfg = Debug|Any CPU
		{2A2D1D6F-24A9-4FC7-83AE-880AB8AB3B34}.Debug|ARM64.Build.0 = Debug|Any CPU
		{2A2D1D6F-24A9-4FC7-83AE-880AB8AB3B34}.Release|x64.ActiveCfg = Release|Any CPU
		{2A2D1D6F-24A9-4FC7-83AE-880AB8AB3B34}.Release|x64.Build.0 = Release|Any CPU
		{2A2D1D6F-24A9-4FC7-83AE-880AB8AB3B34}.Release|x86.ActiveCfg = Release|Any CPU
		{2A2D1D6F-24A9-4FC7-83AE-880AB8AB3B34}.Release|x86.Build.0 = Release|Any CPU
		{2A2D1D6F-24A9-4FC7-83AE-880AB8AB3B34}.Release|ARM64.ActiveCfg = Release|Any CPU
		{2A2D1D6F-24A9-4FC7-83AE-880AB8AB3B34}.Release|ARM64.Build.0 = Release|Any CPU
		{26ED764E-545C-405C-B813-8774DA18F9C8}.Debug|x64.ActiveCfg = Debug|Any CPU
		{26ED764E-545C-405C-B813-8774DA18F9C8}.Debug|x64.Build.0 = Debug|Any CPU
		{26ED764E-545C-405C-B813-8774DA18F9C8}.Debug|x86.ActiveCfg = Debug|Any CPU
		{26ED764E-545C-405C-B813-8774DA18F9C8}.Debug|x86.Build.0 = Debug|Any CPU
		{26ED764E-545C-405C-B813-8774DA18F9C8}.Debug|ARM64.ActiveCfg = Debug|Any CPU
		{26ED764E-545C-405C-B813-8774DA18F9C8}.Debug|ARM64.Build.0 = Debug|Any CPU
		{26ED764E-545C-405C-B813-8774DA18F9C8}.Release|x64.ActiveCfg = Release|Any CPU
		{26ED764E-545C-405C-B813-8774DA18F9C8}.Release|x64.Build.0 = Release|Any CPU
		{26ED764E-545C-405C-B813-8774DA18F9C8}.Release|x86.ActiveCfg = Release|Any CPU
		{26ED764E-545C-405C-B813-8774DA18F9C8}.Release|x86.Build.0 = Release|Any CPU
		{26ED764E-545C-405C-B813-8774DA18F9C8}.Release|ARM64.ActiveCfg = Release|Any CPU
		{26ED764E-545C-405C-B813-8774DA18F9C8}.Release|ARM64.Build.0 = Release|Any CPU
	EndGlobalSection
	GlobalSection(NestedProjects) = preSolution
		{B47E2621-54E2-4DE2-8F95-B8E04E1D9BD1} = {8F3B2A1C-4D5E-4F6A-9B7C-1D2E3F4A5B6C}
		{ADD12841-868A-439B-A16D-3761ABDC53C4} = {8F3B2A1C-4D5E-4F6A-9B7C-1D2E3F4A5B6C}
		{9C444078-0873-4230-B001-A5E4ECE5EF02} = {8F3B2A1C-4D5E-4F6A-9B7C-1D2E3F4A5B6C}
		{E6800ED7-33AD-4085-91B7-346C20DF757A} = {8F3B2A1C-4D5E-4F6A-9B7C-1D2E3F4A5B6C}
		{2A2D1D6F-24A9-4FC7-83AE-880AB8AB3B34} = {8F3B2A1C-4D5E-4F6A-9B7C-1D2E3F4A5B6C}
		{26ED764E-545C-405C-B813-8774DA18F9C8} = {8F3B2A1C-4D5E-4F6A-9B7C-1D2E3F4A5B6C}
	EndGlobalSection
	GlobalSection(ExtensibilityGlobals) = postSolution
		SolutionGuid = {A1B2C3D4-E5F6-4789-ABCD-EF0123456789}
	EndGlobalSection
EndGlobal
